# This file was autogenerated by Stack.
# You should not edit this file by hand.
# For more information, please see the documentation at:
#   https://docs.haskellstack.org/en/stable/lock_files

packages:
- completed:
    hackage: gloss-1.10.2.3@sha256:f27214222c3d763bfa62b3d522f4c7b5adb1bbd8a9652889b077d0049f11ea62,3661
    pantry-tree:
      size: 3481
      sha256: b215821a5520e631a9dcdf0fc27db24253953433542bab20612819b6fd101e6e
  original:
    hackage: gloss-1.10.2.3
- completed:
    hackage: gloss-rendering-1.10.3.3@sha256:207b61f90d4815b0e8438a1a729b4d412b6ae903e8ad38cdfdc61eb999f75079,1464
    pantry-tree:
      size: 895
      sha256: f3afd6201ecb0415aa67fba85e6f325f8d74f90db8663ca5511fab5c647e013d
  original:
    hackage: gloss-rendering-1.10.3.3
snapshots:
- completed:
    size: 537868
    url: https://raw.githubusercontent.com/commercialhaskell/stackage-snapshots/master/lts/9/21.yaml
    sha256: 0a3be91c2bce851de4755003cfb1d85d62b6f90276231fcc305729c0c5c864a9
  original: lts-9.21
